
Microsoft Visual Studio Solution File, Format Version 12.00
# Visual Studio Version 17
VisualStudioVersion = 17.9.34728.123
MinimumVisualStudioVersion = 10.0.40219.1
Project("{9A19103F-16F7-4668-BE54-9A1E7A4F7556}") = "CourseManagementAPI", "CourseManagementAPI.csproj", "{A8C5E8C6-3F38-4F3A-BC39-96EBBE80FED0}"
EndProject
Project("{9A19103F-16F7-4668-BE54-9A1E7A4F7556}") = "CourseApiTest", "..\CourseApiTest\CourseApiTest.csproj", "{CE4916B9-4185-4045-854F-6087BF9D8109}"
EndProject
Global
	GlobalSection(SolutionConfigurationPlatforms) = preSolution
		Debug|Any CPU = Debug|Any CPU
		Release|Any CPU = Release|Any CPU
	EndGlobalSection
	GlobalSection(ProjectConfigurationPlatforms) = postSolution
		{A8C5E8C6-3F38-4F3A-BC39-96EBBE80FED0}.Debug|Any CPU.ActiveCfg = Debug|Any CPU
		{A8C5E8C6-3F38-4F3A-BC39-96EBBE80FED0}.Debug|Any CPU.Build.0 = Debug|Any CPU
		{A8C5E8C6-3F38-4F3A-BC39-96EBBE80FED0}.Release|Any CPU.ActiveCfg = Release|Any CPU
		{A8C5E8C6-3F38-4F3A-BC39-96EBBE80FED0}.Release|Any CPU.Build.0 = Release|Any CPU
		{CE4916B9-4185-4045-854F-6087BF9D8109}.Debug|Any CPU.ActiveCfg = Debug|Any CPU
		{CE4916B9-4185-4045-854F-6087BF9D8109}.Debug|Any CPU.Build.0 = Debug|Any CPU
		{CE4916B9-4185-4045-854F-6087BF9D8109}.Release|Any CPU.ActiveCfg = Release|Any CPU
		{CE4916B9-4185-4045-854F-6087BF9D8109}.Release|Any CPU.Build.0 = Release|Any CPU
	EndGlobalSection
	GlobalSection(SolutionProperties) = preSolution
		HideSolutionNode = FALSE
	EndGlobalSection
	GlobalSection(ExtensibilityGlobals) = postSolution
		SolutionGuid = {D9EFDA56-6ADE-4FA8-B12F-1CE6242EC637}
	EndGlobalSection
EndGlobal
